
Microsoft Visual Studio Solution File, Format Version 12.00
# Visual Studio 15
VisualStudioVersion = 15.0.28307.421
MinimumVisualStudioVersion = 10.0.40219.1
Project("{FAE04EC0-301F-11D3-BF4B-00C04F79EFBC}") = "YahtzeeGame", "YahtzeeGame\YahtzeeGame.csproj", "{6FF2A19D-CB6C-4671-AF97-45E7B917FC2A}"
EndProject
Global
	GlobalSection(SolutionConfigurationPlatforms) = preSolution
		Debug|Any CPU = Debug|Any CPU
		Release|Any CPU = Release|Any CPU
	EndGlobalSection
	GlobalSection(ProjectConfigurationPlatforms) = postSolution
		{6FF2A19D-CB6C-4671-AF97-45E7B917FC2A}.Debug|Any CPU.ActiveCfg = Debug|Any CPU
		{6FF2A19D-CB6C-4671-AF97-45E7B917FC2A}.Debug|Any CPU.Build.0 = Debug|Any CPU
		{6FF2A19D-CB6C-4671-AF97-45E7B917FC2A}.Release|Any CPU.ActiveCfg = Release|Any CPU
		{6FF2A19D-CB6C-4671-AF97-45E7B917FC2A}.Release|Any CPU.Build.0 = Release|Any CPU
	EndGlobalSection
	GlobalSection(SolutionProperties) = preSolution
		HideSolutionNode = FALSE
	EndGlobalSection
	GlobalSection(ExtensibilityGlobals) = postSolution
		SolutionGuid = {97FF9C3C-C845-427B-9D6A-E7DAEC87D837}
	EndGlobalSection
EndGlobal
